// !$*UTF8*$!
{
	archiveVersion = 1;
	classes = {
	};
	objectVersion = 52;
	objects = {

/* Begin PBXBuildFile section */
		1FCAA8A253365D1AED8DC2BF /* Pods_Flixster.framework in Frameworks */ = {isa = PBXBuildFile; fileRef = 2D77C8F709B56A4EFE9E9FD4 /* Pods_Flixster.framework */; };
		2E4E48FA64FB9A2E92EE7264 /* Pods_Flixster_FlixsterUITests.framework in Frameworks */ = {isa = PBXBuildFile; fileRef = 1F2E5FDDF186A8D06B9C2CDE /* Pods_Flixster_FlixsterUITests.framework */; };
		40EE1130D1E986E566A7291B /* Pods_FlixsterTests.framework in Frameworks */ = {isa = PBXBuildFile; fileRef = 7735CDDC5B2727A049230D03 /* Pods_FlixsterTests.framework */; };
		9412E03D26F2D5100045F8C4 /* AlamofireImage in Frameworks */ = {isa = PBXBuildFile; productRef = 9412E03C26F2D5100045F8C4 /* AlamofireImage */; };
		945EC4B726F2B7B800C170FD /* AppDelegate.swift in Sources */ = {isa = PBXBuildFile; fileRef = 945EC4B626F2B7B800C170FD /* AppDelegate.swift */; };
		945EC4B926F2B7B800C170FD /* SceneDelegate.swift in Sources */ = {isa = PBXBuildFile; fileRef = 945EC4B826F2B7B800C170FD /* SceneDelegate.swift */; };
		945EC4BE26F2B7B800C170FD /* Main.storyboard in Resources */ = {isa = PBXBuildFile; fileRef = 945EC4BC26F2B7B800C170FD /* Main.storyboard */; };
		945EC4C026F2B7B900C170FD /* Assets.xcassets in Resources */ = {isa = PBXBuildFile; fileRef = 945EC4BF26F2B7B900C170FD /* Assets.xcassets */; };
		945EC4C326F2B7B900C170FD /* LaunchScreen.storyboard in Resources */ = {isa = PBXBuildFile; fileRef = 945EC4C126F2B7B900C170FD /* LaunchScreen.storyboard */; };
		945EC4CE26F2B7B900C170FD /* FlixsterTests.swift in Sources */ = {isa = PBXBuildFile; fileRef = 945EC4CD26F2B7B900C170FD /* FlixsterTests.swift */; };
		945EC4D926F2B7BA00C170FD /* FlixsterUITests.swift in Sources */ = {isa = PBXBuildFile; fileRef = 945EC4D826F2B7BA00C170FD /* FlixsterUITests.swift */; };
		945EC4E726F2B93E00C170FD /* MoviesViewController.swift in Sources */ = {isa = PBXBuildFile; fileRef = 945EC4E626F2B93E00C170FD /* MoviesViewController.swift */; };
		945EC4E926F2C4F400C170FD /* MovieCell.swift in Sources */ = {isa = PBXBuildFile; fileRef = 945EC4E826F2C4F400C170FD /* MovieCell.swift */; };
		948E05862701427800A49E4C /* MovieDetailsViewController.swift in Sources */ = {isa = PBXBuildFile; fileRef = 948E05852701427800A49E4C /* MovieDetailsViewController.swift */; };
		948E0588270145FD00A49E4C /* MovieGridViewController.swift in Sources */ = {isa = PBXBuildFile; fileRef = 948E0587270145FD00A49E4C /* MovieGridViewController.swift */; };
		948E058C27014AE600A49E4C /* MovieGridCell.swift in Sources */ = {isa = PBXBuildFile; fileRef = 948E058B27014AE600A49E4C /* MovieGridCell.swift */; };
/* End PBXBuildFile section */

/* Begin PBXContainerItemProxy section */
		945EC4CA26F2B7B900C170FD /* PBXContainerItemProxy */ = {
			isa = PBXContainerItemProxy;
			containerPortal = 945EC4AB26F2B7B800C170FD /* Project object */;
			proxyType = 1;
			remoteGlobalIDString = 945EC4B226F2B7B800C170FD;
			remoteInfo = Flixster;
		};
		945EC4D526F2B7B900C170FD /* PBXContainerItemProxy */ = {
			isa = PBXContainerItemProxy;
			containerPortal = 945EC4AB26F2B7B800C170FD /* Project object */;
			proxyType = 1;
			remoteGlobalIDString = 945EC4B226F2B7B800C170FD;
			remoteInfo = Flixster;
		};
/* End PBXContainerItemProxy section */

/* Begin PBXFileReference section */
		1F2E5FDDF186A8D06B9C2CDE /* Pods_Flixster_FlixsterUITests.framework */ = {isa = PBXFileReference; explicitFileType = wrapper.framework; includeInIndex = 0; path = Pods_Flixster_FlixsterUITests.framework; sourceTree = BUILT_PRODUCTS_DIR; };
		2042A2C14898FE95C52AB6B0 /* Pods-FlixsterTests.debug.xcconfig */ = {isa = PBXFileReference; includeInIndex = 1; lastKnownFileType = text.xcconfig; name = "Pods-FlixsterTests.debug.xcconfig"; path = "Target Support Files/Pods-FlixsterTests/Pods-FlixsterTests.debug.xcconfig"; sourceTree = "<group>"; };
		2D77C8F709B56A4EFE9E9FD4 /* Pods_Flixster.framework */ = {isa = PBXFileReference; explicitFileType = wrapper.framework; includeInIndex = 0; path = Pods_Flixster.framework; sourceTree = BUILT_PRODUCTS_DIR; };
		4CFEB4654A58608EBC2B36CC /* Pods-FlixsterTests.release.xcconfig */ = {isa = PBXFileReference; includeInIndex = 1; lastKnownFileType = text.xcconfig; name = "Pods-FlixsterTests.release.xcconfig"; path = "Target Support Files/Pods-FlixsterTests/Pods-FlixsterTests.release.xcconfig"; sourceTree = "<group>"; };
		4EC13183F5B87106FED7D75E /* Pods-Flixster.debug.xcconfig */ = {isa = PBXFileReference; includeInIndex = 1; lastKnownFileType = text.xcconfig; name = "Pods-Flixster.debug.xcconfig"; path = "Target Support Files/Pods-Flixster/Pods-Flixster.debug.xcconfig"; sourceTree = "<group>"; };
		7735CDDC5B2727A049230D03 /* Pods_FlixsterTests.framework */ = {isa = PBXFileReference; explicitFileType = wrapper.framework; includeInIndex = 0; path = Pods_FlixsterTests.framework; sourceTree = BUILT_PRODUCTS_DIR; };
		881B5616487882BD5BEC7BAE /* Pods-Flixster.release.xcconfig */ = {isa = PBXFileReference; includeInIndex = 1; lastKnownFileType = text.xcconfig; name = "Pods-Flixster.release.xcconfig"; path = "Target Support Files/Pods-Flixster/Pods-Flixster.release.xcconfig"; sourceTree = "<group>"; };
		945EC4B326F2B7B800C170FD /* Flixster.app */ = {isa = PBXFileReference; explicitFileType = wrapper.application; includeInIndex = 0; path = Flixster.app; sourceTree = BUILT_PRODUCTS_DIR; };
		945EC4B626F2B7B800C170FD /* AppDelegate.swift */ = {isa = PBXFileReference; lastKnownFileType = sourcecode.swift; path = AppDelegate.swift; sourceTree = "<group>"; };
		945EC4B826F2B7B800C170FD /* SceneDelegate.swift */ = {isa = PBXFileReference; lastKnownFileType = sourcecode.swift; path = SceneDelegate.swift; sourceTree = "<group>"; };
		945EC4BD26F2B7B800C170FD /* Base */ = {isa = PBXFileReference; lastKnownFileType = file.storyboard; name = Base; path = Base.lproj/Main.storyboard; sourceTree = "<group>"; };
		945EC4BF26F2B7B900C170FD /* Assets.xcassets */ = {isa = PBXFileReference; lastKnownFileType = folder.assetcatalog; path = Assets.xcassets; sourceTree = "<group>"; };
		945EC4C226F2B7B900C170FD /* Base */ = {isa = PBXFileReference; lastKnownFileType = file.storyboard; name = Base; path = Base.lproj/LaunchScreen.storyboard; sourceTree = "<group>"; };
		945EC4C426F2B7B900C170FD /* Info.plist */ = {isa = PBXFileReference; lastKnownFileType = text.plist.xml; path = Info.plist; sourceTree = "<group>"; };
		945EC4C926F2B7B900C170FD /* FlixsterTests.xctest */ = {isa = PBXFileReference; explicitFileType = wrapper.cfbundle; includeInIndex = 0; path = FlixsterTests.xctest; sourceTree = BUILT_PRODUCTS_DIR; };
		945EC4CD26F2B7B900C170FD /* FlixsterTests.swift */ = {isa = PBXFileReference; lastKnownFileType = sourcecode.swift; path = FlixsterTests.swift; sourceTree = "<group>"; };
		945EC4CF26F2B7B900C170FD /* Info.plist */ = {isa = PBXFileReference; lastKnownFileType = text.plist.xml; path = Info.plist; sourceTree = "<group>"; };
		945EC4D426F2B7B900C170FD /* FlixsterUITests.xctest */ = {isa = PBXFileReference; explicitFileType = wrapper.cfbundle; includeInIndex = 0; path = FlixsterUITests.xctest; sourceTree = BUILT_PRODUCTS_DIR; };
		945EC4D826F2B7BA00C170FD /* FlixsterUITests.swift */ = {isa = PBXFileReference; lastKnownFileType = sourcecode.swift; path = FlixsterUITests.swift; sourceTree = "<group>"; };
		945EC4DA26F2B7BA00C170FD /* Info.plist */ = {isa = PBXFileReference; lastKnownFileType = text.plist.xml; path = Info.plist; sourceTree = "<group>"; };
		945EC4E626F2B93E00C170FD /* MoviesViewController.swift */ = {isa = PBXFileReference; lastKnownFileType = sourcecode.swift; path = MoviesViewController.swift; sourceTree = "<group>"; };
		945EC4E826F2C4F400C170FD /* MovieCell.swift */ = {isa = PBXFileReference; lastKnownFileType = sourcecode.swift; path = MovieCell.swift; sourceTree = "<group>"; };
		948E05852701427800A49E4C /* MovieDetailsViewController.swift */ = {isa = PBXFileReference; lastKnownFileType = sourcecode.swift; path = MovieDetailsViewController.swift; sourceTree = "<group>"; };
		948E0587270145FD00A49E4C /* MovieGridViewController.swift */ = {isa = PBXFileReference; lastKnownFileType = sourcecode.swift; path = MovieGridViewController.swift; sourceTree = "<group>"; };
		948E058B27014AE600A49E4C /* MovieGridCell.swift */ = {isa = PBXFileReference; lastKnownFileType = sourcecode.swift; path = MovieGridCell.swift; sourceTree = "<group>"; };
		9BE25CB0CCDA48C2D3C9C013 /* Pods-Flixster-FlixsterUITests.release.xcconfig */ = {isa = PBXFileReference; includeInIndex = 1; lastKnownFileType = text.xcconfig; name = "Pods-Flixster-FlixsterUITests.release.xcconfig"; path = "Target Support Files/Pods-Flixster-FlixsterUITests/Pods-Flixster-FlixsterUITests.release.xcconfig"; sourceTree = "<group>"; };
		E2F3071C923275C7A4F8256D /* Pods-Flixster-FlixsterUITests.debug.xcconfig */ = {isa = PBXFileReference; includeInIndex = 1; lastKnownFileType = text.xcconfig; name = "Pods-Flixster-FlixsterUITests.debug.xcconfig"; path = "Target Support Files/Pods-Flixster-FlixsterUITests/Pods-Flixster-FlixsterUITests.debug.xcconfig"; sourceTree = "<group>"; };
/* End PBXFileReference section */

/* Begin PBXFrameworksBuildPhase section */
		945EC4B026F2B7B800C170FD /* Frameworks */ = {
			isa = PBXFrameworksBuildPhase;
			buildActionMask = 2147483647;
			files = (
				9412E03D26F2D5100045F8C4 /* AlamofireImage in Frameworks */,
				1FCAA8A253365D1AED8DC2BF /* Pods_Flixster.framework in Frameworks */,
			);
			runOnlyForDeploymentPostprocessing = 0;
		};
		945EC4C626F2B7B900C170FD /* Frameworks */ = {
			isa = PBXFrameworksBuildPhase;
			buildActionMask = 2147483647;
			files = (
				40EE1130D1E986E566A7291B /* Pods_FlixsterTests.framework in Frameworks */,
			);
			runOnlyForDeploymentPostprocessing = 0;
		};
		945EC4D126F2B7B900C170FD /* Frameworks */ = {
			isa = PBXFrameworksBuildPhase;
			buildActionMask = 2147483647;
			files = (
				2E4E48FA64FB9A2E92EE7264 /* Pods_Flixster_FlixsterUITests.framework in Frameworks */,
			);
			runOnlyForDeploymentPostprocessing = 0;
		};
/* End PBXFrameworksBuildPhase section */

/* Begin PBXGroup section */
		2AAB726657632A8CC535C3F2 /* Frameworks */ = {
			isa = PBXGroup;
			children = (
				2D77C8F709B56A4EFE9E9FD4 /* Pods_Flixster.framework */,
				1F2E5FDDF186A8D06B9C2CDE /* Pods_Flixster_FlixsterUITests.framework */,
				7735CDDC5B2727A049230D03 /* Pods_FlixsterTests.framework */,
			);
			name = Frameworks;
			sourceTree = "<group>";
		};
		945EC4AA26F2B7B800C170FD = {
			isa = PBXGroup;
			children = (
				945EC4B526F2B7B800C170FD /* Flixster */,
				945EC4CC26F2B7B900C170FD /* FlixsterTests */,
				945EC4D726F2B7BA00C170FD /* FlixsterUITests */,
				945EC4B426F2B7B800C170FD /* Products */,
				F47EC8C05FB9D26EFA0174C3 /* Pods */,
				2AAB726657632A8CC535C3F2 /* Frameworks */,
			);
			sourceTree = "<group>";
		};
		945EC4B426F2B7B800C170FD /* Products */ = {
			isa = PBXGroup;
			children = (
				945EC4B326F2B7B800C170FD /* Flixster.app */,
				945EC4C926F2B7B900C170FD /* FlixsterTests.xctest */,
				945EC4D426F2B7B900C170FD /* FlixsterUITests.xctest */,
			);
			name = Products;
			sourceTree = "<group>";
		};
		945EC4B526F2B7B800C170FD /* Flixster */ = {
			isa = PBXGroup;
			children = (
				945EC4C426F2B7B900C170FD /* Info.plist */,
				945EC4B626F2B7B800C170FD /* AppDelegate.swift */,
				945EC4E826F2C4F400C170FD /* MovieCell.swift */,
				945EC4E626F2B93E00C170FD /* MoviesViewController.swift */,
				945EC4B826F2B7B800C170FD /* SceneDelegate.swift */,
				945EC4BF26F2B7B900C170FD /* Assets.xcassets */,
				945EC4C126F2B7B900C170FD /* LaunchScreen.storyboard */,
				948E058B27014AE600A49E4C /* MovieGridCell.swift */,
				945EC4BC26F2B7B800C170FD /* Main.storyboard */,
				948E0587270145FD00A49E4C /* MovieGridViewController.swift */,
				948E05852701427800A49E4C /* MovieDetailsViewController.swift */,
			);
			path = Flixster;
			sourceTree = "<group>";
		};
		945EC4CC26F2B7B900C170FD /* FlixsterTests */ = {
			isa = PBXGroup;
			children = (
				945EC4CD26F2B7B900C170FD /* FlixsterTests.swift */,
				945EC4CF26F2B7B900C170FD /* Info.plist */,
			);
			path = FlixsterTests;
			sourceTree = "<group>";
		};
		945EC4D726F2B7BA00C170FD /* FlixsterUITests */ = {
			isa = PBXGroup;
			children = (
				945EC4D826F2B7BA00C170FD /* FlixsterUITests.swift */,
				945EC4DA26F2B7BA00C170FD /* Info.plist */,
			);
			path = FlixsterUITests;
			sourceTree = "<group>";
		};
		F47EC8C05FB9D26EFA0174C3 /* Pods */ = {
			isa = PBXGroup;
			children = (
				4EC13183F5B87106FED7D75E /* Pods-Flixster.debug.xcconfig */,
				881B5616487882BD5BEC7BAE /* Pods-Flixster.release.xcconfig */,
				E2F3071C923275C7A4F8256D /* Pods-Flixster-FlixsterUITests.debug.xcconfig */,
				9BE25CB0CCDA48C2D3C9C013 /* Pods-Flixster-FlixsterUITests.release.xcconfig */,
				2042A2C14898FE95C52AB6B0 /* Pods-FlixsterTests.debug.xcconfig */,
				4CFEB4654A58608EBC2B36CC /* Pods-FlixsterTests.release.xcconfig */,
			);
			path = Pods;
			sourceTree = "<group>";
		};
/* End PBXGroup section */

/* Begin PBXNativeTarget section */
		945EC4B226F2B7B800C170FD /* Flixster */ = {
			isa = PBXNativeTarget;
			buildConfigurationList = 945EC4DD26F2B7BA00C170FD /* Build configuration list for PBXNativeTarget "Flixster" */;
			buildPhases = (
				68AD4B3847F3884E62D4421B /* [CP] Check Pods Manifest.lock */,
				945EC4AF26F2B7B800C170FD /* Sources */,
				945EC4B026F2B7B800C170FD /* Frameworks */,
				945EC4B126F2B7B800C170FD /* Resources */,
				4179D9CC4AF804B417543CA5 /* [CP] Embed Pods Frameworks */,
			);
			buildRules = (
			);
			dependencies = (
			);
			name = Flixster;
			packageProductDependencies = (
				9412E03C26F2D5100045F8C4 /* AlamofireImage */,
			);
			productName = Flixster;
			productReference = 945EC4B326F2B7B800C170FD /* Flixster.app */;
			productType = "com.apple.product-type.application";
		};
		945EC4C826F2B7B900C170FD /* FlixsterTests */ = {
			isa = PBXNativeTarget;
			buildConfigurationList = 945EC4E026F2B7BA00C170FD /* Build configuration list for PBXNativeTarget "FlixsterTests" */;
			buildPhases = (
				52B607CC75DE799068C72066 /* [CP] Check Pods Manifest.lock */,
				945EC4C526F2B7B900C170FD /* Sources */,
				945EC4C626F2B7B900C170FD /* Frameworks */,
				945EC4C726F2B7B900C170FD /* Resources */,
			);
			buildRules = (
			);
			dependencies = (
				945EC4CB26F2B7B900C170FD /* PBXTargetDependency */,
			);
			name = FlixsterTests;
			productName = FlixsterTests;
			productReference = 945EC4C926F2B7B900C170FD /* FlixsterTests.xctest */;
			productType = "com.apple.product-type.bundle.unit-test";
		};
		945EC4D326F2B7B900C170FD /* FlixsterUITests */ = {
			isa = PBXNativeTarget;
			buildConfigurationList = 945EC4E326F2B7BA00C170FD /* Build configuration list for PBXNativeTarget "FlixsterUITests" */;
			buildPhases = (
				EF284A31ED4F2DFFCED38840 /* [CP] Check Pods Manifest.lock */,
				945EC4D026F2B7B900C170FD /* Sources */,
				945EC4D126F2B7B900C170FD /* Frameworks */,
				945EC4D226F2B7B900C170FD /* Resources */,
				3323E06457BD718604DAB595 /* [CP] Embed Pods Frameworks */,
			);
			buildRules = (
			);
			dependencies = (
				945EC4D626F2B7B900C170FD /* PBXTargetDependency */,
			);
			name = FlixsterUITests;
			productName = FlixsterUITests;
			productReference = 945EC4D426F2B7B900C170FD /* FlixsterUITests.xctest */;
			productType = "com.apple.product-type.bundle.ui-testing";
		};
/* End PBXNativeTarget section */

/* Begin PBXProject section */
		945EC4AB26F2B7B800C170FD /* Project object */ = {
			isa = PBXProject;
			attributes = {
				LastSwiftUpdateCheck = 1250;
				LastUpgradeCheck = 1250;
				TargetAttributes = {
					945EC4B226F2B7B800C170FD = {
						CreatedOnToolsVersion = 12.5.1;
					};
					945EC4C826F2B7B900C170FD = {
						CreatedOnToolsVersion = 12.5.1;
						TestTargetID = 945EC4B226F2B7B800C170FD;
					};
					945EC4D326F2B7B900C170FD = {
						CreatedOnToolsVersion = 12.5.1;
						TestTargetID = 945EC4B226F2B7B800C170FD;
					};
				};
			};
			buildConfigurationList = 945EC4AE26F2B7B800C170FD /* Build configuration list for PBXProject "Flixster" */;
			compatibilityVersion = "Xcode 9.3";
			developmentRegion = en;
			hasScannedForEncodings = 0;
			knownRegions = (
				en,
				Base,
			);
			mainGroup = 945EC4AA26F2B7B800C170FD;
			packageReferences = (
				9412E03B26F2D5100045F8C4 /* XCRemoteSwiftPackageReference "AlamofireImage" */,
			);
			productRefGroup = 945EC4B426F2B7B800C170FD /* Products */;
			projectDirPath = "";
			projectRoot = "";
			targets = (
				945EC4B226F2B7B800C170FD /* Flixster */,
				945EC4C826F2B7B900C170FD /* FlixsterTests */,
				945EC4D326F2B7B900C170FD /* FlixsterUITests */,
			);
		};
/* End PBXProject section */

/* Begin PBXResourcesBuildPhase section */
		945EC4B126F2B7B800C170FD /* Resources */ = {
			isa = PBXResourcesBuildPhase;
			buildActionMask = 2147483647;
			files = (
				945EC4C326F2B7B900C170FD /* LaunchScreen.storyboard in Resources */,
				945EC4C026F2B7B900C170FD /* Assets.xcassets in Resources */,
				945EC4BE26F2B7B800C170FD /* Main.storyboard in Resources */,
			);
			runOnlyForDeploymentPostprocessing = 0;
		};
		945EC4C726F2B7B900C170FD /* Resources */ = {
			isa = PBXResourcesBuildPhase;
			buildActionMask = 2147483647;
			files = (
			);
			runOnlyForDeploymentPostprocessing = 0;
		};
		945EC4D226F2B7B900C170FD /* Resources */ = {
			isa = PBXResourcesBuildPhase;
			buildActionMask = 2147483647;
			files = (
			);
			runOnlyForDeploymentPostprocessing = 0;
		};
/* End PBXResourcesBuildPhase section */

/* Begin PBXShellScriptBuildPhase section */
		3323E06457BD718604DAB595 /* [CP] Embed Pods Frameworks */ = {
			isa = PBXShellScriptBuildPhase;
			buildActionMask = 2147483647;
			files = (
			);
			inputFileListPaths = (
				"${PODS_ROOT}/Target Support Files/Pods-Flixster-FlixsterUITests/Pods-Flixster-FlixsterUITests-frameworks-${CONFIGURATION}-input-files.xcfilelist",
			);
			name = "[CP] Embed Pods Frameworks";
			outputFileListPaths = (
				"${PODS_ROOT}/Target Support Files/Pods-Flixster-FlixsterUITests/Pods-Flixster-FlixsterUITests-frameworks-${CONFIGURATION}-output-files.xcfilelist",
			);
			runOnlyForDeploymentPostprocessing = 0;
			shellPath = /bin/sh;
			shellScript = "\"${PODS_ROOT}/Target Support Files/Pods-Flixster-FlixsterUITests/Pods-Flixster-FlixsterUITests-frameworks.sh\"\n";
			showEnvVarsInLog = 0;
		};
		4179D9CC4AF804B417543CA5 /* [CP] Embed Pods Frameworks */ = {
			isa = PBXShellScriptBuildPhase;
			buildActionMask = 2147483647;
			files = (
			);
			inputFileListPaths = (
				"${PODS_ROOT}/Target Support Files/Pods-Flixster/Pods-Flixster-frameworks-${CONFIGURATION}-input-files.xcfilelist",
			);
			name = "[CP] Embed Pods Frameworks";
			outputFileListPaths = (
				"${PODS_ROOT}/Target Support Files/Pods-Flixster/Pods-Flixster-frameworks-${CONFIGURATION}-output-files.xcfilelist",
			);
			runOnlyForDeploymentPostprocessing = 0;
			shellPath = /bin/sh;
			shellScript = "\"${PODS_ROOT}/Target Support Files/Pods-Flixster/Pods-Flixster-frameworks.sh\"\n";
			showEnvVarsInLog = 0;
		};
		52B607CC75DE799068C72066 /* [CP] Check Pods Manifest.lock */ = {
			isa = PBXShellScriptBuildPhase;
			buildActionMask = 2147483647;
			files = (
			);
			inputFileListPaths = (
			);
			inputPaths = (
				"${PODS_PODFILE_DIR_PATH}/Podfile.lock",
				"${PODS_ROOT}/Manifest.lock",
			);
			name = "[CP] Check Pods Manifest.lock";
			outputFileListPaths = (
			);
			outputPaths = (
				"$(DERIVED_FILE_DIR)/Pods-FlixsterTests-checkManifestLockResult.txt",
			);
			runOnlyForDeploymentPostprocessing = 0;
			shellPath = /bin/sh;
			shellScript = "diff \"${PODS_PODFILE_DIR_PATH}/Podfile.lock\" \"${PODS_ROOT}/Manifest.lock\" > /dev/null\nif [ $? != 0 ] ; then\n    # print error to STDERR\n    echo \"error: The sandbox is not in sync with the Podfile.lock. Run 'pod install' or update your CocoaPods installation.\" >&2\n    exit 1\nfi\n# This output is used by Xcode 'outputs' to avoid re-running this script phase.\necho \"SUCCESS\" > \"${SCRIPT_OUTPUT_FILE_0}\"\n";
			showEnvVarsInLog = 0;
		};
		68AD4B3847F3884E62D4421B /* [CP] Check Pods Manifest.lock */ = {
			isa = PBXShellScriptBuildPhase;
			buildActionMask = 2147483647;
			files = (
			);
			inputFileListPaths = (
			);
			inputPaths = (
				"${PODS_PODFILE_DIR_PATH}/Podfile.lock",
				"${PODS_ROOT}/Manifest.lock",
			);
			name = "[CP] Check Pods Manifest.lock";
			outputFileListPaths = (
			);
			outputPaths = (
				"$(DERIVED_FILE_DIR)/Pods-Flixster-checkManifestLockResult.txt",
			);
			runOnlyForDeploymentPostprocessing = 0;
			shellPath = /bin/sh;
			shellScript = "diff \"${PODS_PODFILE_DIR_PATH}/Podfile.lock\" \"${PODS_ROOT}/Manifest.lock\" > /dev/null\nif [ $? != 0 ] ; then\n    # print error to STDERR\n    echo \"error: The sandbox is not in sync with the Podfile.lock. Run 'pod install' or update your CocoaPods installation.\" >&2\n    exit 1\nfi\n# This output is used by Xcode 'outputs' to avoid re-running this script phase.\necho \"SUCCESS\" > \"${SCRIPT_OUTPUT_FILE_0}\"\n";
			showEnvVarsInLog = 0;
		};
		EF284A31ED4F2DFFCED38840 /* [CP] Check Pods Manifest.lock */ = {
			isa = PBXShellScriptBuildPhase;
			buildActionMask = 2147483647;
			files = (
			);
			inputFileListPaths = (
			);
			inputPaths = (
				"${PODS_PODFILE_DIR_PATH}/Podfile.lock",
				"${PODS_ROOT}/Manifest.lock",
			);
			name = "[CP] Check Pods Manifest.lock";
			outputFileListPaths = (
			);
			outputPaths = (
				"$(DERIVED_FILE_DIR)/Pods-Flixster-FlixsterUITests-checkManifestLockResult.txt",
			);
			runOnlyForDeploymentPostprocessing = 0;
			shellPath = /bin/sh;
			shellScript = "diff \"${PODS_PODFILE_DIR_PATH}/Podfile.lock\" \"${PODS_ROOT}/Manifest.lock\" > /dev/null\nif [ $? != 0 ] ; then\n    # print error to STDERR\n    echo \"error: The sandbox is not in sync with the Podfile.lock. Run 'pod install' or update your CocoaPods installation.\" >&2\n    exit 1\nfi\n# This output is used by Xcode 'outputs' to avoid re-running this script phase.\necho \"SUCCESS\" > \"${SCRIPT_OUTPUT_FILE_0}\"\n";
			showEnvVarsInLog = 0;
		};
/* End PBXShellScriptBuildPhase section */

/* Begin PBXSourcesBuildPhase section */
		945EC4AF26F2B7B800C170FD /* Sources */ = {
			isa = PBXSourcesBuildPhase;
			buildActionMask = 2147483647;
			files = (
				948E05862701427800A49E4C /* MovieDetailsViewController.swift in Sources */,
				945EC4B726F2B7B800C170FD /* AppDelegate.swift in Sources */,
				945EC4B926F2B7B800C170FD /* SceneDelegate.swift in Sources */,
				945EC4E926F2C4F400C170FD /* MovieCell.swift in Sources */,
				945EC4E726F2B93E00C170FD /* MoviesViewController.swift in Sources */,
				948E0588270145FD00A49E4C /* MovieGridViewController.swift in Sources */,
				948E058C27014AE600A49E4C /* MovieGridCell.swift in Sources */,
			);
			runOnlyForDeploymentPostprocessing = 0;
		};
		945EC4C526F2B7B900C170FD /* Sources */ = {
			isa = PBXSourcesBuildPhase;
			buildActionMask = 2147483647;
			files = (
				945EC4CE26F2B7B900C170FD /* FlixsterTests.swift in Sources */,
			);
			runOnlyForDeploymentPostprocessing = 0;
		};
		945EC4D026F2B7B900C170FD /* Sources */ = {
			isa = PBXSourcesBuildPhase;
			buildActionMask = 2147483647;
			files = (
				945EC4D926F2B7BA00C170FD /* FlixsterUITests.swift in Sources */,
			);
			runOnlyForDeploymentPostprocessing = 0;
		};
/* End PBXSourcesBuildPhase section */

/* Begin PBXTargetDependency section */
		945EC4CB26F2B7B900C170FD /* PBXTargetDependency */ = {
			isa = PBXTargetDependency;
			target = 945EC4B226F2B7B800C170FD /* Flixster */;
			targetProxy = 945EC4CA26F2B7B900C170FD /* PBXContainerItemProxy */;
		};
		945EC4D626F2B7B900C170FD /* PBXTargetDependency */ = {
			isa = PBXTargetDependency;
			target = 945EC4B226F2B7B800C170FD /* Flixster */;
			targetProxy = 945EC4D526F2B7B900C170FD /* PBXContainerItemProxy */;
		};
/* End PBXTargetDependency section */

/* Begin PBXVariantGroup section */
		945EC4BC26F2B7B800C170FD /* Main.storyboard */ = {
			isa = PBXVariantGroup;
			children = (
				945EC4BD26F2B7B800C170FD /* Base */,
			);
			name = Main.storyboard;
			sourceTree = "<group>";
		};
		945EC4C126F2B7B900C170FD /* LaunchScreen.storyboard */ = {
			isa = PBXVariantGroup;
			children = (
				945EC4C226F2B7B900C170FD /* Base */,
			);
			name = LaunchScreen.storyboard;
			sourceTree = "<group>";
		};
/* End PBXVariantGroup section */

/* Begin XCBuildConfiguration section */
		945EC4DB26F2B7BA00C170FD /* Debug */ = {
			isa = XCBuildConfiguration;
			buildSettings = {
				ALWAYS_SEARCH_USER_PATHS = NO;
				CLANG_ANALYZER_NONNULL = YES;
				CLANG_ANALYZER_NUMBER_OBJECT_CONVERSION = YES_AGGRESSIVE;
				CLANG_CXX_LANGUAGE_STANDARD = "gnu++14";
				CLANG_CXX_LIBRARY = "libc++";
				CLANG_ENABLE_MODULES = YES;
				CLANG_ENABLE_OBJC_ARC = YES;
				CLANG_ENABLE_OBJC_WEAK = YES;
				CLANG_WARN_BLOCK_CAPTURE_AUTORELEASING = YES;
				CLANG_WARN_BOOL_CONVERSION = YES;
				CLANG_WARN_COMMA = YES;
				CLANG_WARN_CONSTANT_CONVERSION = YES;
				CLANG_WARN_DEPRECATED_OBJC_IMPLEMENTATIONS = YES;
				CLANG_WARN_DIRECT_OBJC_ISA_USAGE = YES_ERROR;
				CLANG_WARN_DOCUMENTATION_COMMENTS = YES;
				CLANG_WARN_EMPTY_BODY = YES;
				CLANG_WARN_ENUM_CONVERSION = YES;
				CLANG_WARN_INFINITE_RECURSION = YES;
				CLANG_WARN_INT_CONVERSION = YES;
				CLANG_WARN_NON_LITERAL_NULL_CONVERSION = YES;
				CLANG_WARN_OBJC_IMPLICIT_RETAIN_SELF = YES;
				CLANG_WARN_OBJC_LITERAL_CONVERSION = YES;
				CLANG_WARN_OBJC_ROOT_CLASS = YES_ERROR;
				CLANG_WARN_QUOTED_INCLUDE_IN_FRAMEWORK_HEADER = YES;
				CLANG_WARN_RANGE_LOOP_ANALYSIS = YES;
				CLANG_WARN_STRICT_PROTOTYPES = YES;
				CLANG_WARN_SUSPICIOUS_MOVE = YES;
				CLANG_WARN_UNGUARDED_AVAILABILITY = YES_AGGRESSIVE;
				CLANG_WARN_UNREACHABLE_CODE = YES;
				CLANG_WARN__DUPLICATE_METHOD_MATCH = YES;
				COPY_PHASE_STRIP = NO;
				DEBUG_INFORMATION_FORMAT = dwarf;
				ENABLE_STRICT_OBJC_MSGSEND = YES;
				ENABLE_TESTABILITY = YES;
				GCC_C_LANGUAGE_STANDARD = gnu11;
				GCC_DYNAMIC_NO_PIC = NO;
				GCC_NO_COMMON_BLOCKS = YES;
				GCC_OPTIMIZATION_LEVEL = 0;
				GCC_PREPROCESSOR_DEFINITIONS = (
					"DEBUG=1",
					"$(inherited)",
				);
				GCC_WARN_64_TO_32_BIT_CONVERSION = YES;
				GCC_WARN_ABOUT_RETURN_TYPE = YES_ERROR;
				GCC_WARN_UNDECLARED_SELECTOR = YES;
				GCC_WARN_UNINITIALIZED_AUTOS = YES_AGGRESSIVE;
				GCC_WARN_UNUSED_FUNCTION = YES;
				GCC_WARN_UNUSED_VARIABLE = YES;
				IPHONEOS_DEPLOYMENT_TARGET = 14.5;
				MTL_ENABLE_DEBUG_INFO = INCLUDE_SOURCE;
				MTL_FAST_MATH = YES;
				ONLY_ACTIVE_ARCH = YES;
				SDKROOT = iphoneos;
				SWIFT_ACTIVE_COMPILATION_CONDITIONS = DEBUG;
				SWIFT_OPTIMIZATION_LEVEL = "-Onone";
			};
			name = Debug;
		};
		945EC4DC26F2B7BA00C170FD /* Release */ = {
			isa = XCBuildConfiguration;
			buildSettings = {
				ALWAYS_SEARCH_USER_PATHS = NO;
				CLANG_ANALYZER_NONNULL = YES;
				CLANG_ANALYZER_NUMBER_OBJECT_CONVERSION = YES_AGGRESSIVE;
				CLANG_CXX_LANGUAGE_STANDARD = "gnu++14";
				CLANG_CXX_LIBRARY = "libc++";
				CLANG_ENABLE_MODULES = YES;
				CLANG_ENABLE_OBJC_ARC = YES;
				CLANG_ENABLE_OBJC_WEAK = YES;
				CLANG_WARN_BLOCK_CAPTURE_AUTORELEASING = YES;
				CLANG_WARN_BOOL_CONVERSION = YES;
				CLANG_WARN_COMMA = YES;
				CLANG_WARN_CONSTANT_CONVERSION = YES;
				CLANG_WARN_DEPRECATED_OBJC_IMPLEMENTATIONS = YES;
				CLANG_WARN_DIRECT_OBJC_ISA_USAGE = YES_ERROR;
				CLANG_WARN_DOCUMENTATION_COMMENTS = YES;
				CLANG_WARN_EMPTY_BODY = YES;
				CLANG_WARN_ENUM_CONVERSION = YES;
				CLANG_WARN_INFINITE_RECURSION = YES;
				CLANG_WARN_INT_CONVERSION = YES;
				CLANG_WARN_NON_LITERAL_NULL_CONVERSION = YES;
				CLANG_WARN_OBJC_IMPLICIT_RETAIN_SELF = YES;
				CLANG_WARN_OBJC_LITERAL_CONVERSION = YES;
				CLANG_WARN_OBJC_ROOT_CLASS = YES_ERROR;
				CLANG_WARN_QUOTED_INCLUDE_IN_FRAMEWORK_HEADER = YES;
				CLANG_WARN_RANGE_LOOP_ANALYSIS = YES;
				CLANG_WARN_STRICT_PROTOTYPES = YES;
				CLANG_WARN_SUSPICIOUS_MOVE = YES;
				CLANG_WARN_UNGUARDED_AVAILABILITY = YES_AGGRESSIVE;
				CLANG_WARN_UNREACHABLE_CODE = YES;
				CLANG_WARN__DUPLICATE_METHOD_MATCH = YES;
				COPY_PHASE_STRIP = NO;
				DEBUG_INFORMATION_FORMAT = "dwarf-with-dsym";
				ENABLE_NS_ASSERTIONS = NO;
				ENABLE_STRICT_OBJC_MSGSEND = YES;
				GCC_C_LANGUAGE_STANDARD = gnu11;
				GCC_NO_COMMON_BLOCKS = YES;
				GCC_WARN_64_TO_32_BIT_CONVERSION = YES;
				GCC_WARN_ABOUT_RETURN_TYPE = YES_ERROR;
				GCC_WARN_UNDECLARED_SELECTOR = YES;
				GCC_WARN_UNINITIALIZED_AUTOS = YES_AGGRESSIVE;
				GCC_WARN_UNUSED_FUNCTION = YES;
				GCC_WARN_UNUSED_VARIABLE = YES;
				IPHONEOS_DEPLOYMENT_TARGET = 14.5;
				MTL_ENABLE_DEBUG_INFO = NO;
				MTL_FAST_MATH = YES;
				SDKROOT = iphoneos;
				SWIFT_COMPILATION_MODE = wholemodule;
				SWIFT_OPTIMIZATION_LEVEL = "-O";
				VALIDATE_PRODUCT = YES;
			};
			name = Release;
		};
		945EC4DE26F2B7BA00C170FD /* Debug */ = {
			isa = XCBuildConfiguration;
			baseConfigurationReference = 4EC13183F5B87106FED7D75E /* Pods-Flixster.debug.xcconfig */;
			buildSettings = {
				ASSETCATALOG_COMPILER_APPICON_NAME = AppIcon;
				ASSETCATALOG_COMPILER_GLOBAL_ACCENT_COLOR_NAME = AccentColor;
				CODE_SIGN_STYLE = Automatic;
				DEVELOPMENT_TEAM = 652W8YCVNC;
				INFOPLIST_FILE = Flixster/Info.plist;
				LD_RUNPATH_SEARCH_PATHS = (
					"$(inherited)",
					"@executable_path/Frameworks",
				);
				PRODUCT_BUNDLE_IDENTIFIER = "Chaohao-Du.Flixster";
				PRODUCT_NAME = "$(TARGET_NAME)";
				SWIFT_VERSION = 5.0;
				TARGETED_DEVICE_FAMILY = "1,2";
			};
			name = Debug;
		};
		945EC4DF26F2B7BA00C170FD /* Release */ = {
			isa = XCBuildConfiguration;
			baseConfigurationReference = 881B5616487882BD5BEC7BAE /* Pods-Flixster.release.xcconfig */;
			buildSettings = {
				ASSETCATALOG_COMPILER_APPICON_NAME = AppIcon;
				ASSETCATALOG_COMPILER_GLOBAL_ACCENT_COLOR_NAME = AccentColor;
				CODE_SIGN_STYLE = Automatic;
				DEVELOPMENT_TEAM = 652W8YCVNC;
				INFOPLIST_FILE = Flixster/Info.plist;
				LD_RUNPATH_SEARCH_PATHS = (
					"$(inherited)",
					"@executable_path/Frameworks",
				);
				PRODUCT_BUNDLE_IDENTIFIER = "Chaohao-Du.Flixster";
				PRODUCT_NAME = "$(TARGET_NAME)";
				SWIFT_VERSION = 5.0;
				TARGETED_DEVICE_FAMILY = "1,2";
			};
			name = Release;
		};
		945EC4E126F2B7BA00C170FD /* Debug */ = {
			isa = XCBuildConfiguration;
			baseConfigurationReference = 2042A2C14898FE95C52AB6B0 /* Pods-FlixsterTests.debug.xcconfig */;
			buildSettings = {
				ALWAYS_EMBED_SWIFT_STANDARD_LIBRARIES = YES;
				BUNDLE_LOADER = "$(TEST_HOST)";
				CODE_SIGN_STYLE = Automatic;
				INFOPLIST_FILE = FlixsterTests/Info.plist;
				IPHONEOS_DEPLOYMENT_TARGET = 14.5;
				LD_RUNPATH_SEARCH_PATHS = (
					"$(inherited)",
					"@executable_path/Frameworks",
					"@loader_path/Frameworks",
				);
				PRODUCT_BUNDLE_IDENTIFIER = "Chaohao-Du.FlixsterTests";
				PRODUCT_NAME = "$(TARGET_NAME)";
				SWIFT_VERSION = 5.0;
				TARGETED_DEVICE_FAMILY = "1,2";
				TEST_HOST = "$(BUILT_PRODUCTS_DIR)/Flixster.app/Flixster";
			};
			name = Debug;
		};
		945EC4E226F2B7BA00C170FD /* Release */ = {
			isa = XCBuildConfiguration;
			baseConfigurationReference = 4CFEB4654A58608EBC2B36CC /* Pods-FlixsterTests.release.xcconfig */;
			buildSettings = {
				ALWAYS_EMBED_SWIFT_STANDARD_LIBRARIES = YES;
				BUNDLE_LOADER = "$(TEST_HOST)";
				CODE_SIGN_STYLE = Automatic;
				INFOPLIST_FILE = FlixsterTests/Info.plist;
				IPHONEOS_DEPLOYMENT_TARGET = 14.5;
				LD_RUNPATH_SEARCH_PATHS = (
					"$(inherited)",
					"@executable_path/Frameworks",
					"@loader_path/Frameworks",
				);
				PRODUCT_BUNDLE_IDENTIFIER = "Chaohao-Du.FlixsterTests";
				PRODUCT_NAME = "$(TARGET_NAME)";
				SWIFT_VERSION = 5.0;
				TARGETED_DEVICE_FAMILY = "1,2";
				TEST_HOST = "$(BUILT_PRODUCTS_DIR)/Flixster.app/Flixster";
			};
			name = Release;
		};
		945EC4E426F2B7BA00C170FD /* Debug */ = {
			isa = XCBuildConfiguration;
			baseConfigurationReference = E2F3071C923275C7A4F8256D /* Pods-Flixster-FlixsterUITests.debug.xcconfig */;
			buildSettings = {
				ALWAYS_EMBED_SWIFT_STANDARD_LIBRARIES = YES;
				CODE_SIGN_STYLE = Automatic;
				INFOPLIST_FILE = FlixsterUITests/Info.plist;
				LD_RUNPATH_SEARCH_PATHS = (
					"$(inherited)",
					"@executable_path/Frameworks",
					"@loader_path/Frameworks",
				);
				PRODUCT_BUNDLE_IDENTIFIER = "Chaohao-Du.FlixsterUITests";
				PRODUCT_NAME = "$(TARGET_NAME)";
				SWIFT_VERSION = 5.0;
				TARGETED_DEVICE_FAMILY = "1,2";
				TEST_TARGET_NAME = Flixster;
			};
			name = Debug;
		};
		945EC4E526F2B7BA00C170FD /* Release */ = {
			isa = XCBuildConfiguration;
			baseConfigurationReference = 9BE25CB0CCDA48C2D3C9C013 /* Pods-Flixster-FlixsterUITests.release.xcconfig */;
			buildSettings = {
				ALWAYS_EMBED_SWIFT_STANDARD_LIBRARIES = YES;
				CODE_SIGN_STYLE = Automatic;
				INFOPLIST_FILE = FlixsterUITests/Info.plist;
				LD_RUNPATH_SEARCH_PATHS = (
					"$(inherited)",
					"@executable_path/Frameworks",
					"@loader_path/Frameworks",
				);
				PRODUCT_BUNDLE_IDENTIFIER = "Chaohao-Du.FlixsterUITests";
				PRODUCT_NAME = "$(TARGET_NAME)";
				SWIFT_VERSION = 5.0;
				TARGETED_DEVICE_FAMILY = "1,2";
				TEST_TARGET_NAME = Flixster;
			};
			name = Release;
		};
/* End XCBuildConfiguration section */

/* Begin XCConfigurationList section */
		945EC4AE26F2B7B800C170FD /* Build configuration list for PBXProject "Flixster" */ = {
			isa = XCConfigurationList;
			buildConfigurations = (
				945EC4DB26F2B7BA00C170FD /* Debug */,
				945EC4DC26F2B7BA00C170FD /* Release */,
			);
			defaultConfigurationIsVisible = 0;
			defaultConfigurationName = Release;
		};
		945EC4DD26F2B7BA00C170FD /* Build configuration list for PBXNativeTarget "Flixster" */ = {
			isa = XCConfigurationList;
			buildConfigurations = (
				945EC4DE26F2B7BA00C170FD /* Debug */,
				945EC4DF26F2B7BA00C170FD /* Release */,
			);
			defaultConfigurationIsVisible = 0;
			defaultConfigurationName = Release;
		};
		945EC4E026F2B7BA00C170FD /* Build configuration list for PBXNativeTarget "FlixsterTests" */ = {
			isa = XCConfigurationList;
			buildConfigurations = (
				945EC4E126F2B7BA00C170FD /* Debug */,
				945EC4E226F2B7BA00C170FD /* Release */,
			);
			defaultConfigurationIsVisible = 0;
			defaultConfigurationName = Release;
		};
		945EC4E326F2B7BA00C170FD /* Build configuration list for PBXNativeTarget "FlixsterUITests" */ = {
			isa = XCConfigurationList;
			buildConfigurations = (
				945EC4E426F2B7BA00C170FD /* Debug */,
				945EC4E526F2B7BA00C170FD /* Release */,
			);
			defaultConfigurationIsVisible = 0;
			defaultConfigurationName = Release;
		};
/* End XCConfigurationList section */

/* Begin XCRemoteSwiftPackageReference section */
		9412E03B26F2D5100045F8C4 /* XCRemoteSwiftPackageReference "AlamofireImage" */ = {
			isa = XCRemoteSwiftPackageReference;
			repositoryURL = "https://github.com/Alamofire/AlamofireImage";
			requirement = {
				kind = upToNextMajorVersion;
				minimumVersion = 4.2.0;
			};
		};
/* End XCRemoteSwiftPackageReference section */

/* Begin XCSwiftPackageProductDependency section */
		9412E03C26F2D5100045F8C4 /* AlamofireImage */ = {
			isa = XCSwiftPackageProductDependency;
			package = 9412E03B26F2D5100045F8C4 /* XCRemoteSwiftPackageReference "AlamofireImage" */;
			productName = AlamofireImage;
		};
/* End XCSwiftPackageProductDependency section */
	};
	rootObject = 945EC4AB26F2B7B800C170FD /* Project object */;
}
